github.com/BurntSushi/toml v1.1.0 h1:ksErzDEI1khOiGPgpwuI7x2ebx/uXQNw7xJpn9Eq1+I=
github.com/BurntSushi/toml v1.1.0/go.mod h1:CxXYINrC8qIiEnFrOxCa7Jy5BFHlXnUU2pbicEuybxQ=
github.com/akamensky/argparse v1.3.1 h1:kP6+OyvR0fuBH6UhbE6yh/nskrDEIQgEA1SUXDPjx4g=
github.com/akamensky/argparse v1.3.1/go.mod h1:S5kwC7IuDcEr5VeXtGPRVZ5o/FdhcMlQz4IZQuw64xA=
github.com/badassops/packages-go/caller v0.0.0-20220530220720-227ab8c06333 h1:tj/jC2nfFT0nB3HlKao4LrM/3lBpEdi/iP6eSzaZ8CQ=
github.com/badassops/packages-go/caller v0.0.0-20220530220720-227ab8c06333/go.mod h1:cMWl9aULooFys4s+KmtbDjTRs6PmXhoHY8qZ8Hrtfds=
github.com/badassops/packages-go/epoch v0.0.0-20220530190021-17555612d52b h1:36tyaGtpkR2jzhf1iyiO0S04yg8sOCc2N1SzgmbKD0Q=
github.com/badassops/packages-go/epoch v0.0.0-20220530190021-17555612d52b/go.mod h1:YFOaQoq0JC3XbpYm4w6fXxeiZYIR9DpPMHTJGtLgwhA=
github.com/badassops/packages-go/exit v0.0.0-20220530220720-227ab8c06333 h1:I8bW5e+nTPhNxoOo3VJq1FHxwK6SedWE+LsXIwDe18A=
github.com/badassops/packages-go/exit v0.0.0-20220530220720-227ab8c06333/go.mod h1:j8DRPH87mbUW4JR20Rn6F9/2sRI6yMAOt5XamgDpg6M=
github.com/badassops/packages-go/is v0.0.0-20220530213221-2e3686fab2d7 h1:9o6voiqFoKB4oN/kjxXp0zj7e9FrAEJ+htMR/BOMouY=
github.com/badassops/packages-go/is v0.0.0-20220530213221-2e3686fab2d7/go.mod h1:uxritoLOMpH7qIeJZdhB7NaIAzXlvTkZhA2u/ItMObo=
github.com/badassops/packages-go/lock v0.0.0-20220530213221-2e3686fab2d7 h1:VdfexAKOjTnsMOUl1dzEQtd9vKzuuPbT6KI6grR+Qi0=
github.com/badassops/packages-go/lock v0.0.0-20220530213221-2e3686fab2d7/go.mod h1:xq5Mvl+W9yuyl1mCIWoOdkzNKMR2T+DMApUaSAUeSnk=
github.com/badassops/packages-go/print v0.0.0-20220530213221-2e3686fab2d7 h1:FGZmVTU3yDHf2baDEHFXr6/AS9eP574ci3VNuYMthkk=
github.com/badassops/packages-go/print v0.0.0-20220530213221-2e3686fab2d7/go.mod h1:p9OeNzj9jMQlDPwiVIBieuvlWQc4TtUUPWDRJFtDrV8=
github.com/badassops/packages-go/print v0.0.0-20220530220720-227ab8c06333 h1:qjLrpZ0SNcmoa8vDhnOdw1ak5JANNrMtekuYsO+0t0s=
github.com/badassops/packages-go/print v0.0.0-20220530220720-227ab8c06333/go.mod h1:p9OeNzj9jMQlDPwiVIBieuvlWQc4TtUUPWDRJFtDrV8=
github.com/badassops/packages-go/random v0.0.0-20220530220720-227ab8c06333 h1:ueVAW0wv0jXCLgGb6Pc9QMbFx075XQVK8rcPxwRfC58=
github.com/badassops/packages-go/random v0.0.0-20220530220720-227ab8c06333/go.mod h1:wIWFzofxwhnan2dQ3TYxPboXTMdjy32OaYij8+wpc6I=
github.com/badassops/packages-go/readinput v0.0.0-20220530220720-227ab8c06333 h1:5ewd9Gylhsd6FcHN5yig5vUu8UZcqgzx8Se3OoqNG7g=
github.com/badassops/packages-go/readinput v0.0.0-20220530220720-227ab8c06333/go.mod h1:j6n7DWU5hTkFLaBmVXNMUrfBN5ElxDbwTvDTVVBl7P4=
github.com/badassops/packages-go/spinner v0.0.0-20220530213221-2e3686fab2d7 h1:erlQvSszQjvOgJ86EDbV26rT2jauTHRx6mzLErXufQY=
github.com/badassops/packages-go/spinner v0.0.0-20220530213221-2e3686fab2d7/go.mod h1:ZKE/ZGv7PrLavDePpaMDcTtTH8C4CGzwGHNpRzXtsJo=
github.com/mitchellh/go-ps v1.0.0 h1:i6ampVEEF4wQFF+bkYfwYgY+F/uYJDktmvLPf7qIgjc=
github.com/mitchellh/go-ps v1.0.0/go.mod h1:J4lOc8z8yJs6vUwklHw2XEIiT4z4C40KtWVN3nvg8Pg=
gopkg.in/asn1-ber.v1 v1.0.0-20181015200546-f715ec2f112d h1:TxyelI5cVkbREznMhfzycHdkp5cLA7DpE+GKjSslYhM=
gopkg.in/asn1-ber.v1 v1.0.0-20181015200546-f715ec2f112d/go.mod h1:cuepJuh7vyXfUyUwEgHQXw849cJrilpS5NeIjOWESAw=
gopkg.in/ldap.v2 v2.5.1 h1:wiu0okdNfjlBzg6UWvd1Hn8Y+Ux17/u/4nlk4CQr6tU=
gopkg.in/ldap.v2 v2.5.1/go.mod h1:oI0cpe/D7HRtBQl8aTg+ZmzFUAvu4lsv3eLXMLGFxWk=
gopkg.in/natefinch/lumberjack.v2 v2.0.0 h1:1Lc07Kr7qY4U2YPouBjpCLxpiyxIVoxqXgkXLknAOE8=
gopkg.in/natefinch/lumberjack.v2 v2.0.0/go.mod h1:l0ndWWf7gzL7RNwBG7wST/UCcT4T24xpD6X8LsfU/+k=
